
Microsoft Visual Studio Solution File, Format Version 12.00
# Visual Studio 15
VisualStudioVersion = 15.0.27004.2010
MinimumVisualStudioVersion = 10.0.40219.1
Project("{FAE04EC0-301F-11D3-BF4B-00C04F79EFBC}") = "LiteHomeManagement.WebAPI", "LiteHomeManagement.WebAPI\LiteHomeManagement.WebAPI.csproj", "{B25199B2-7818-4F52-9C9A-8BE435C166D9}"
EndProject
Project("{FAE04EC0-301F-11D3-BF4B-00C04F79EFBC}") = "LiteHomeManagement.App", "LiteHomeManagement.App\LiteHomeManagement.App.csproj", "{704B7CED-9999-46C4-989D-4A935B411E15}"
EndProject
Global
	GlobalSection(SolutionConfigurationPlatforms) = preSolution
		Debug|Any CPU = Debug|Any CPU
		Release|Any CPU = Release|Any CPU
	EndGlobalSection
	GlobalSection(ProjectConfigurationPlatforms) = postSolution
		{B25199B2-7818-4F52-9C9A-8BE435C166D9}.Debug|Any CPU.ActiveCfg = Debug|Any CPU
		{B25199B2-7818-4F52-9C9A-8BE435C166D9}.Debug|Any CPU.Build.0 = Debug|Any CPU
		{B25199B2-7818-4F52-9C9A-8BE435C166D9}.Release|Any CPU.ActiveCfg = Release|Any CPU
		{B25199B2-7818-4F52-9C9A-8BE435C166D9}.Release|Any CPU.Build.0 = Release|Any CPU
		{704B7CED-9999-46C4-989D-4A935B411E15}.Debug|Any CPU.ActiveCfg = Debug|Any CPU
		{704B7CED-9999-46C4-989D-4A935B411E15}.Debug|Any CPU.Build.0 = Debug|Any CPU
		{704B7CED-9999-46C4-989D-4A935B411E15}.Release|Any CPU.ActiveCfg = Release|Any CPU
		{704B7CED-9999-46C4-989D-4A935B411E15}.Release|Any CPU.Build.0 = Release|Any CPU
	EndGlobalSection
	GlobalSection(SolutionProperties) = preSolution
		HideSolutionNode = FALSE
	EndGlobalSection
	GlobalSection(ExtensibilityGlobals) = postSolution
		SolutionGuid = {7F42FC28-A389-46EC-81E7-3A28750E8DE7}
	EndGlobalSection
EndGlobal
